
Microsoft Visual Studio Solution File, Format Version 12.00
# Visual Studio Version 16
VisualStudioVersion = 16.0.29418.71
MinimumVisualStudioVersion = 10.0.40219.1
Project("{9092AA53-FB77-4645-B42D-1CCCA6BD08BD}") = "overviewer-configurator", "overviewer-configurator.njsproj", "{A83034CA-EC33-4BB3-91C6-A0D36346375D}"
EndProject
Global
	GlobalSection(SolutionConfigurationPlatforms) = preSolution
		Debug|Any CPU = Debug|Any CPU
		Release|Any CPU = Release|Any CPU
	EndGlobalSection
	GlobalSection(ProjectConfigurationPlatforms) = postSolution
		{A83034CA-EC33-4BB3-91C6-A0D36346375D}.Debug|Any CPU.ActiveCfg = Debug|Any CPU
		{A83034CA-EC33-4BB3-91C6-A0D36346375D}.Debug|Any CPU.Build.0 = Debug|Any CPU
		{A83034CA-EC33-4BB3-91C6-A0D36346375D}.Release|Any CPU.ActiveCfg = Release|Any CPU
		{A83034CA-EC33-4BB3-91C6-A0D36346375D}.Release|Any CPU.Build.0 = Release|Any CPU
	EndGlobalSection
	GlobalSection(SolutionProperties) = preSolution
		HideSolutionNode = FALSE
	EndGlobalSection
	GlobalSection(ExtensibilityGlobals) = postSolution
		SolutionGuid = {F5185B82-6A2E-43D2-90F6-3FC8AB32DA2F}
	EndGlobalSection
EndGlobal
